
Microsoft Visual Studio Solution File, Format Version 12.00
# Visual Studio Version 18
VisualStudioVersion = 18.2.11408.102 d18.0
MinimumVisualStudioVersion = 10.0.40219.1
Project("{FAE04EC0-301F-11D3-BF4B-00C04F79EFBC}") = "Infra", "Infra\Infra.csproj", "{CC92C813-6518-4CEB-B174-F2A96FFE9A8B}"
EndProject
Project("{FAE04EC0-301F-11D3-BF4B-00C04F79EFBC}") = "CSharpAutomationSelenium.Tests", "CSharpAutomationSeleniumTests\CSharpAutomationSelenium.Tests.csproj", "{FA6DCE44-5847-46D2-E531-14DB7CBF29A4}"
EndProject
Global
	GlobalSection(SolutionConfigurationPlatforms) = preSolution
		Debug|Any CPU = Debug|Any CPU
		Release|Any CPU = Release|Any CPU
	EndGlobalSection
	GlobalSection(ProjectConfigurationPlatforms) = postSolution
		{CC92C813-6518-4CEB-B174-F2A96FFE9A8B}.Debug|Any CPU.ActiveCfg = Debug|Any CPU
		{CC92C813-6518-4CEB-B174-F2A96FFE9A8B}.Debug|Any CPU.Build.0 = Debug|Any CPU
		{CC92C813-6518-4CEB-B174-F2A96FFE9A8B}.Release|Any CPU.ActiveCfg = Release|Any CPU
		{CC92C813-6518-4CEB-B174-F2A96FFE9A8B}.Release|Any CPU.Build.0 = Release|Any CPU
		{FA6DCE44-5847-46D2-E531-14DB7CBF29A4}.Debug|Any CPU.ActiveCfg = Debug|Any CPU
		{FA6DCE44-5847-46D2-E531-14DB7CBF29A4}.Debug|Any CPU.Build.0 = Debug|Any CPU
		{FA6DCE44-5847-46D2-E531-14DB7CBF29A4}.Release|Any CPU.ActiveCfg = Release|Any CPU
		{FA6DCE44-5847-46D2-E531-14DB7CBF29A4}.Release|Any CPU.Build.0 = Release|Any CPU
	EndGlobalSection
	GlobalSection(SolutionProperties) = preSolution
		HideSolutionNode = FALSE
	EndGlobalSection
	GlobalSection(ExtensibilityGlobals) = postSolution
		SolutionGuid = {63FBD82F-F373-4E3A-ACFC-3D079AB2644F}
	EndGlobalSection
EndGlobal
